
Microsoft Visual Studio Solution File, Format Version 12.00
# Visual Studio Version 17
VisualStudioVersion = 17.11.35222.181
MinimumVisualStudioVersion = 10.0.40219.1
Project("{FAE04EC0-301F-11D3-BF4B-00C04F79EFBC}") = "Sikurs-API", "Sikurs-API\Sikurs-API.csproj", "{CDE03468-7E29-4818-B80E-361A819916D0}"
EndProject
Project("{FAE04EC0-301F-11D3-BF4B-00C04F79EFBC}") = "Sikurs-DataAccess", "Sikurs-DataAccess\Sikurs-DataAccess.csproj", "{5DA10A10-97C5-4E22-A562-61C4AE4ECCD2}"
EndProject
Global
	GlobalSection(SolutionConfigurationPlatforms) = preSolution
		Debug|Any CPU = Debug|Any CPU
		Release|Any CPU = Release|Any CPU
	EndGlobalSection
	GlobalSection(ProjectConfigurationPlatforms) = postSolution
		{CDE03468-7E29-4818-B80E-361A819916D0}.Debug|Any CPU.ActiveCfg = Debug|Any CPU
		{CDE03468-7E29-4818-B80E-361A819916D0}.Debug|Any CPU.Build.0 = Debug|Any CPU
		{CDE03468-7E29-4818-B80E-361A819916D0}.Release|Any CPU.ActiveCfg = Release|Any CPU
		{CDE03468-7E29-4818-B80E-361A819916D0}.Release|Any CPU.Build.0 = Release|Any CPU
		{5DA10A10-97C5-4E22-A562-61C4AE4ECCD2}.Debug|Any CPU.ActiveCfg = Debug|Any CPU
		{5DA10A10-97C5-4E22-A562-61C4AE4ECCD2}.Debug|Any CPU.Build.0 = Debug|Any CPU
		{5DA10A10-97C5-4E22-A562-61C4AE4ECCD2}.Release|Any CPU.ActiveCfg = Release|Any CPU
		{5DA10A10-97C5-4E22-A562-61C4AE4ECCD2}.Release|Any CPU.Build.0 = Release|Any CPU
	EndGlobalSection
	GlobalSection(SolutionProperties) = preSolution
		HideSolutionNode = FALSE
	EndGlobalSection
	GlobalSection(ExtensibilityGlobals) = postSolution
		SolutionGuid = {54141A84-1B52-425E-B41B-ECEAC178C502}
	EndGlobalSection
EndGlobal
